
Microsoft Visual Studio Solution File, Format Version 12.00
# Visual Studio 15
VisualStudioVersion = 15.0.28307.271
MinimumVisualStudioVersion = 10.0.40219.1
Project("{FAE04EC0-301F-11D3-BF4B-00C04F79EFBC}") = "DirtBnBWebAPI", "DirtBnBWebAPI\DirtBnBWebAPI.csproj", "{0DFA99B0-2743-4274-8CD7-BCAF4A6AB0E5}"
EndProject
Project("{FAE04EC0-301F-11D3-BF4B-00C04F79EFBC}") = "DirtBnBWebAPI.Tests", "DirtBnBWebAPI.Tests\DirtBnBWebAPI.Tests.csproj", "{82838F83-5F51-4C85-BB45-34E82AC29BB5}"
EndProject
Global
	GlobalSection(SolutionConfigurationPlatforms) = preSolution
		Debug|Any CPU = Debug|Any CPU
		Release|Any CPU = Release|Any CPU
	EndGlobalSection
	GlobalSection(ProjectConfigurationPlatforms) = postSolution
		{0DFA99B0-2743-4274-8CD7-BCAF4A6AB0E5}.Debug|Any CPU.ActiveCfg = Debug|Any CPU
		{0DFA99B0-2743-4274-8CD7-BCAF4A6AB0E5}.Debug|Any CPU.Build.0 = Debug|Any CPU
		{0DFA99B0-2743-4274-8CD7-BCAF4A6AB0E5}.Release|Any CPU.ActiveCfg = Release|Any CPU
		{0DFA99B0-2743-4274-8CD7-BCAF4A6AB0E5}.Release|Any CPU.Build.0 = Release|Any CPU
		{82838F83-5F51-4C85-BB45-34E82AC29BB5}.Debug|Any CPU.ActiveCfg = Debug|Any CPU
		{82838F83-5F51-4C85-BB45-34E82AC29BB5}.Debug|Any CPU.Build.0 = Debug|Any CPU
		{82838F83-5F51-4C85-BB45-34E82AC29BB5}.Release|Any CPU.ActiveCfg = Release|Any CPU
		{82838F83-5F51-4C85-BB45-34E82AC29BB5}.Release|Any CPU.Build.0 = Release|Any CPU
	EndGlobalSection
	GlobalSection(SolutionProperties) = preSolution
		HideSolutionNode = FALSE
	EndGlobalSection
	GlobalSection(ExtensibilityGlobals) = postSolution
		SolutionGuid = {3950B099-32EB-4909-A14C-F30345063844}
	EndGlobalSection
EndGlobal
